
Microsoft Visual Studio Solution File, Format Version 10.00
# Visual Studio 2008
Project("{FAE04EC0-301F-11D3-BF4B-00C04F79EFBC}") = "FileStreamWrite", "FileStreamWrite\FileStreamWrite.csproj", "{306836A3-5E0A-4E41-9FE3-608E853F3955}"
EndProject
Global
	GlobalSection(SolutionConfigurationPlatforms) = preSolution
		Debug|Any CPU = Debug|Any CPU
		Release|Any CPU = Release|Any CPU
	EndGlobalSection
	GlobalSection(ProjectConfigurationPlatforms) = postSolution
		{306836A3-5E0A-4E41-9FE3-608E853F3955}.Debug|Any CPU.ActiveCfg = Debug|Any CPU
		{306836A3-5E0A-4E41-9FE3-608E853F3955}.Debug|Any CPU.Build.0 = Debug|Any CPU
		{306836A3-5E0A-4E41-9FE3-608E853F3955}.Release|Any CPU.ActiveCfg = Release|Any CPU
		{306836A3-5E0A-4E41-9FE3-608E853F3955}.Release|Any CPU.Build.0 = Release|Any CPU
	EndGlobalSection
	GlobalSection(SolutionProperties) = preSolution
		HideSolutionNode = FALSE
	EndGlobalSection
EndGlobal
