
Microsoft Visual Studio Solution File, Format Version 10.00
# Visual Studio 2008
Project("{FAE04EC0-301F-11D3-BF4B-00C04F79EFBC}") = "AsyncTcpClient", "AsyncTcpClient\AsyncTcpClient.csproj", "{93F2D1E8-1465-4A2C-964C-F70636660372}"
EndProject
Global
	GlobalSection(SolutionConfigurationPlatforms) = preSolution
		Debug|Any CPU = Debug|Any CPU
		Release|Any CPU = Release|Any CPU
	EndGlobalSection
	GlobalSection(ProjectConfigurationPlatforms) = postSolution
		{93F2D1E8-1465-4A2C-964C-F70636660372}.Debug|Any CPU.ActiveCfg = Debug|Any CPU
		{93F2D1E8-1465-4A2C-964C-F70636660372}.Debug|Any CPU.Build.0 = Debug|Any CPU
		{93F2D1E8-1465-4A2C-964C-F70636660372}.Release|Any CPU.ActiveCfg = Release|Any CPU
		{93F2D1E8-1465-4A2C-964C-F70636660372}.Release|Any CPU.Build.0 = Release|Any CPU
	EndGlobalSection
	GlobalSection(SolutionProperties) = preSolution
		HideSolutionNode = FALSE
	EndGlobalSection
EndGlobal
