
Microsoft Visual Studio Solution File, Format Version 10.00
# Visual Studio 2008
Project("{FAE04EC0-301F-11D3-BF4B-00C04F79EFBC}") = "test4", "test4\test4.csproj", "{2E391DDB-6851-4252-B337-EB1C2D4C979A}"
EndProject
Global
	GlobalSection(SolutionConfigurationPlatforms) = preSolution
		Debug|Any CPU = Debug|Any CPU
		Release|Any CPU = Release|Any CPU
	EndGlobalSection
	GlobalSection(ProjectConfigurationPlatforms) = postSolution
		{2E391DDB-6851-4252-B337-EB1C2D4C979A}.Debug|Any CPU.ActiveCfg = Debug|Any CPU
		{2E391DDB-6851-4252-B337-EB1C2D4C979A}.Debug|Any CPU.Build.0 = Debug|Any CPU
		{2E391DDB-6851-4252-B337-EB1C2D4C979A}.Release|Any CPU.ActiveCfg = Release|Any CPU
		{2E391DDB-6851-4252-B337-EB1C2D4C979A}.Release|Any CPU.Build.0 = Release|Any CPU
	EndGlobalSection
	GlobalSection(SolutionProperties) = preSolution
		HideSolutionNode = FALSE
	EndGlobalSection
EndGlobal
