
Microsoft Visual Studio Solution File, Format Version 10.00
# Visual Studio 2008
Project("{FAE04EC0-301F-11D3-BF4B-00C04F79EFBC}") = "PnrpCloud", "PnrpCloud\PnrpCloud.csproj", "{D2FB4B3F-8208-42E7-BE0E-DD05A6580404}"
EndProject
Global
	GlobalSection(SolutionConfigurationPlatforms) = preSolution
		Debug|Any CPU = Debug|Any CPU
		Release|Any CPU = Release|Any CPU
	EndGlobalSection
	GlobalSection(ProjectConfigurationPlatforms) = postSolution
		{D2FB4B3F-8208-42E7-BE0E-DD05A6580404}.Debug|Any CPU.ActiveCfg = Debug|Any CPU
		{D2FB4B3F-8208-42E7-BE0E-DD05A6580404}.Debug|Any CPU.Build.0 = Debug|Any CPU
		{D2FB4B3F-8208-42E7-BE0E-DD05A6580404}.Release|Any CPU.ActiveCfg = Release|Any CPU
		{D2FB4B3F-8208-42E7-BE0E-DD05A6580404}.Release|Any CPU.Build.0 = Release|Any CPU
	EndGlobalSection
	GlobalSection(SolutionProperties) = preSolution
		HideSolutionNode = FALSE
	EndGlobalSection
EndGlobal
