
Microsoft Visual Studio Solution File, Format Version 11.00
# Visual Studio 2010
Project("{FAE04EC0-301F-11D3-BF4B-00C04F79EFBC}") = "HttpGetExample", "HttpGetExample\HttpGetExample.csproj", "{C521F9E9-847A-4783-BB9D-479302F79919}"
EndProject
Global
	GlobalSection(SolutionConfigurationPlatforms) = preSolution
		Debug|Any CPU = Debug|Any CPU
		Release|Any CPU = Release|Any CPU
	EndGlobalSection
	GlobalSection(ProjectConfigurationPlatforms) = postSolution
		{C521F9E9-847A-4783-BB9D-479302F79919}.Debug|Any CPU.ActiveCfg = Debug|Any CPU
		{C521F9E9-847A-4783-BB9D-479302F79919}.Debug|Any CPU.Build.0 = Debug|Any CPU
		{C521F9E9-847A-4783-BB9D-479302F79919}.Release|Any CPU.ActiveCfg = Release|Any CPU
		{C521F9E9-847A-4783-BB9D-479302F79919}.Release|Any CPU.Build.0 = Release|Any CPU
	EndGlobalSection
	GlobalSection(SolutionProperties) = preSolution
		HideSolutionNode = FALSE
	EndGlobalSection
EndGlobal
