
Microsoft Visual Studio Solution File, Format Version 10.00
# Visual Studio 2008
Project("{FAE04EC0-301F-11D3-BF4B-00C04F79EFBC}") = "ReceiveMailExample", "ReceiveMailExample\ReceiveMailExample.csproj", "{EFCAFB87-6DE6-4C1B-9679-D8A6FDF58F23}"
EndProject
Global
	GlobalSection(SolutionConfigurationPlatforms) = preSolution
		Debug|Any CPU = Debug|Any CPU
		Release|Any CPU = Release|Any CPU
	EndGlobalSection
	GlobalSection(ProjectConfigurationPlatforms) = postSolution
		{EFCAFB87-6DE6-4C1B-9679-D8A6FDF58F23}.Debug|Any CPU.ActiveCfg = Debug|Any CPU
		{EFCAFB87-6DE6-4C1B-9679-D8A6FDF58F23}.Debug|Any CPU.Build.0 = Debug|Any CPU
		{EFCAFB87-6DE6-4C1B-9679-D8A6FDF58F23}.Release|Any CPU.ActiveCfg = Release|Any CPU
		{EFCAFB87-6DE6-4C1B-9679-D8A6FDF58F23}.Release|Any CPU.Build.0 = Release|Any CPU
	EndGlobalSection
	GlobalSection(SolutionProperties) = preSolution
		HideSolutionNode = FALSE
	EndGlobalSection
EndGlobal
