
Microsoft Visual Studio Solution File, Format Version 11.00
# Visual Studio 2010
Project("{FAE04EC0-301F-11D3-BF4B-00C04F79EFBC}") = "SocketServer", "SocketServer\SocketServer.csproj", "{C70EA29E-3BDF-4D90-AE07-5F9F1EDCE17A}"
EndProject
Global
	GlobalSection(SolutionConfigurationPlatforms) = preSolution
		Debug|Any CPU = Debug|Any CPU
		Release|Any CPU = Release|Any CPU
	EndGlobalSection
	GlobalSection(ProjectConfigurationPlatforms) = postSolution
		{C70EA29E-3BDF-4D90-AE07-5F9F1EDCE17A}.Debug|Any CPU.ActiveCfg = Debug|Any CPU
		{C70EA29E-3BDF-4D90-AE07-5F9F1EDCE17A}.Debug|Any CPU.Build.0 = Debug|Any CPU
		{C70EA29E-3BDF-4D90-AE07-5F9F1EDCE17A}.Release|Any CPU.ActiveCfg = Release|Any CPU
		{C70EA29E-3BDF-4D90-AE07-5F9F1EDCE17A}.Release|Any CPU.Build.0 = Release|Any CPU
	EndGlobalSection
	GlobalSection(SolutionProperties) = preSolution
		HideSolutionNode = FALSE
	EndGlobalSection
EndGlobal
