
Microsoft Visual Studio Solution File, Format Version 10.00
# Visual Studio 2008
Project("{FAE04EC0-301F-11D3-BF4B-00C04F79EFBC}") = "EncryptTcpServer", "EncryptTcpServer\EncryptTcpServer.csproj", "{1FC5E59F-5018-456C-9FFE-394721FAD667}"
EndProject
Global
	GlobalSection(SolutionConfigurationPlatforms) = preSolution
		Debug|Any CPU = Debug|Any CPU
		Release|Any CPU = Release|Any CPU
	EndGlobalSection
	GlobalSection(ProjectConfigurationPlatforms) = postSolution
		{1FC5E59F-5018-456C-9FFE-394721FAD667}.Debug|Any CPU.ActiveCfg = Debug|Any CPU
		{1FC5E59F-5018-456C-9FFE-394721FAD667}.Debug|Any CPU.Build.0 = Debug|Any CPU
		{1FC5E59F-5018-456C-9FFE-394721FAD667}.Release|Any CPU.ActiveCfg = Release|Any CPU
		{1FC5E59F-5018-456C-9FFE-394721FAD667}.Release|Any CPU.Build.0 = Release|Any CPU
	EndGlobalSection
	GlobalSection(SolutionProperties) = preSolution
		HideSolutionNode = FALSE
	EndGlobalSection
EndGlobal
